
Microsoft Visual Studio Solution File, Format Version 12.00
# Visual Studio Version 17
VisualStudioVersion = 17.6.33829.357
MinimumVisualStudioVersion = 10.0.40219.1
Project("{FAE04EC0-301F-11D3-BF4B-00C04F79EFBC}") = "multi Delegate", "multi Delegate\multi Delegate.csproj", "{0D4DAE2A-87F5-4928-BB20-B2C34D75C4AB}"
EndProject
Global
	GlobalSection(SolutionConfigurationPlatforms) = preSolution
		Debug|Any CPU = Debug|Any CPU
		Release|Any CPU = Release|Any CPU
	EndGlobalSection
	GlobalSection(ProjectConfigurationPlatforms) = postSolution
		{0D4DAE2A-87F5-4928-BB20-B2C34D75C4AB}.Debug|Any CPU.ActiveCfg = Debug|Any CPU
		{0D4DAE2A-87F5-4928-BB20-B2C34D75C4AB}.Debug|Any CPU.Build.0 = Debug|Any CPU
		{0D4DAE2A-87F5-4928-BB20-B2C34D75C4AB}.Release|Any CPU.ActiveCfg = Release|Any CPU
		{0D4DAE2A-87F5-4928-BB20-B2C34D75C4AB}.Release|Any CPU.Build.0 = Release|Any CPU
	EndGlobalSection
	GlobalSection(SolutionProperties) = preSolution
		HideSolutionNode = FALSE
	EndGlobalSection
	GlobalSection(ExtensibilityGlobals) = postSolution
		SolutionGuid = {9CA368CB-9E06-4B98-9315-1ECDEDCA2916}
	EndGlobalSection
EndGlobal
